
Microsoft Visual Studio Solution File, Format Version 12.00
# Visual Studio Version 17
VisualStudioVersion = 17.4.33122.133
MinimumVisualStudioVersion = 10.0.40219.1
Project("{FAE04EC0-301F-11D3-BF4B-00C04F79EFBC}") = "CalculationLibrary1", "CalculationLibrary1\CalculationLibrary1.csproj", "{99553EF4-4A4B-471B-9349-EB27C4C6B335}"
EndProject
Project("{FAE04EC0-301F-11D3-BF4B-00C04F79EFBC}") = "CalculatorTests", "CalculatorTests\CalculatorTests.csproj", "{D301831D-F930-4DAF-B70C-E8F861CCA028}"
EndProject
Project("{FAE04EC0-301F-11D3-BF4B-00C04F79EFBC}") = "APICalcutions", "APICalcutions\APICalcutions.csproj", "{CE8487D2-2021-43E4-8024-B20F6F619F4D}"
EndProject
Global
	GlobalSection(SolutionConfigurationPlatforms) = preSolution
		Debug|Any CPU = Debug|Any CPU
		Release|Any CPU = Release|Any CPU
	EndGlobalSection
	GlobalSection(ProjectConfigurationPlatforms) = postSolution
		{99553EF4-4A4B-471B-9349-EB27C4C6B335}.Debug|Any CPU.ActiveCfg = Debug|Any CPU
		{99553EF4-4A4B-471B-9349-EB27C4C6B335}.Debug|Any CPU.Build.0 = Debug|Any CPU
		{99553EF4-4A4B-471B-9349-EB27C4C6B335}.Release|Any CPU.ActiveCfg = Release|Any CPU
		{99553EF4-4A4B-471B-9349-EB27C4C6B335}.Release|Any CPU.Build.0 = Release|Any CPU
		{D301831D-F930-4DAF-B70C-E8F861CCA028}.Debug|Any CPU.ActiveCfg = Debug|Any CPU
		{D301831D-F930-4DAF-B70C-E8F861CCA028}.Debug|Any CPU.Build.0 = Debug|Any CPU
		{D301831D-F930-4DAF-B70C-E8F861CCA028}.Release|Any CPU.ActiveCfg = Release|Any CPU
		{D301831D-F930-4DAF-B70C-E8F861CCA028}.Release|Any CPU.Build.0 = Release|Any CPU
		{CE8487D2-2021-43E4-8024-B20F6F619F4D}.Debug|Any CPU.ActiveCfg = Debug|Any CPU
		{CE8487D2-2021-43E4-8024-B20F6F619F4D}.Debug|Any CPU.Build.0 = Debug|Any CPU
		{CE8487D2-2021-43E4-8024-B20F6F619F4D}.Release|Any CPU.ActiveCfg = Release|Any CPU
		{CE8487D2-2021-43E4-8024-B20F6F619F4D}.Release|Any CPU.Build.0 = Release|Any CPU
	EndGlobalSection
	GlobalSection(SolutionProperties) = preSolution
		HideSolutionNode = FALSE
	EndGlobalSection
	GlobalSection(ExtensibilityGlobals) = postSolution
		SolutionGuid = {8DD47596-C0EC-4F4A-92C0-F4B720612115}
	EndGlobalSection
EndGlobal
